<?xml version="1.0" encoding="UTF-8"?>
<!DOCTYPE plist PUBLIC "-//Apple//DTD PLIST 1.0//EN" "http://www.apple.com/DTDs/PropertyList-1.0.dtd">
<plist version="1.0">
<dict>
	<key>archiveVersion</key>
	<string>1</string>
	<key>classes</key>
	<dict/>
	<key>objectVersion</key>
	<string>46</string>
	<key>objects</key>
	<dict>
		<key>6E1C0E30766E4AC6A67F7CE9</key>
		<dict>
			<key>buildActionMask</key>
			<string>2147483647</string>
			<key>files</key>
			<array/>
			<key>inputPaths</key>
			<array/>
			<key>isa</key>
			<string>PBXShellScriptBuildPhase</string>
			<key>name</key>
			<string>Check Pods Manifest.lock</string>
			<key>outputPaths</key>
			<array/>
			<key>runOnlyForDeploymentPostprocessing</key>
			<string>0</string>
			<key>shellPath</key>
			<string>/bin/sh</string>
			<key>shellScript</key>
			<string>diff "${PODS_ROOT}/../Podfile.lock" "${PODS_ROOT}/Manifest.lock" &gt; /dev/null
if [[ $? != 0 ]] ; then
    cat &lt;&lt; EOM
error: The sandbox is not in sync with the Podfile.lock. Run 'pod install' or update your CocoaPods installation.
EOM
    exit 1
fi
</string>
			<key>showEnvVarsInLog</key>
			<string>1</string>
		</dict>
		<key>CBA1299FD7814858A9881342</key>
		<dict>
			<key>includeInIndex</key>
			<string>1</string>
			<key>isa</key>
			<string>PBXFileReference</string>
			<key>lastKnownFileType</key>
			<string>text.xcconfig</string>
			<key>name</key>
			<string>Pods.xcconfig</string>
			<key>path</key>
			<string>Pods/Pods.xcconfig</string>
			<key>sourceTree</key>
			<string>SOURCE_ROOT</string>
		</dict>
		<key>D931571E176E7432002057AB</key>
		<dict>
			<key>children</key>
			<array>
				<string>D9315730176E7432002057AB</string>
				<string>D9315754176E7432002057AB</string>
				<string>D9315729176E7432002057AB</string>
				<string>D9315728176E7432002057AB</string>
				<string>CBA1299FD7814858A9881342</string>
			</array>
			<key>isa</key>
			<string>PBXGroup</string>
			<key>sourceTree</key>
			<string>&lt;group&gt;</string>
		</dict>
		<key>D931571F176E7432002057AB</key>
		<dict>
			<key>attributes</key>
			<dict>
				<key>LastUpgradeCheck</key>
				<string>0460</string>
				<key>ORGANIZATIONNAME</key>
				<string>Raphael Oliveira</string>
			</dict>
			<key>buildConfigurationList</key>
			<string>D9315722176E7432002057AB</string>
			<key>compatibilityVersion</key>
			<string>Xcode 3.2</string>
			<key>developmentRegion</key>
			<string>English</string>
			<key>hasScannedForEncodings</key>
			<string>0</string>
			<key>isa</key>
			<string>PBXProject</string>
			<key>knownRegions</key>
			<array>
				<string>en</string>
			</array>
			<key>mainGroup</key>
			<string>D931571E176E7432002057AB</string>
			<key>productRefGroup</key>
			<string>D9315728176E7432002057AB</string>
			<key>projectDirPath</key>
			<string></string>
			<key>projectReferences</key>
			<array/>
			<key>projectRoot</key>
			<string></string>
			<key>targets</key>
			<array>
				<string>D9315726176E7432002057AB</string>
				<string>D931574C176E7432002057AB</string>
			</array>
		</dict>
		<key>D9315722176E7432002057AB</key>
		<dict>
			<key>buildConfigurations</key>
			<array>
				<string>D931575D176E7432002057AB</string>
				<string>D931575E176E7432002057AB</string>
			</array>
			<key>defaultConfigurationIsVisible</key>
			<string>0</string>
			<key>defaultConfigurationName</key>
			<string>Release</string>
			<key>isa</key>
			<string>XCConfigurationList</string>
		</dict>
		<key>D9315723176E7432002057AB</key>
		<dict>
			<key>buildActionMask</key>
			<string>2147483647</string>
			<key>files</key>
			<array>
				<string>D9315737176E7432002057AB</string>
				<string>D931573B176E7432002057AB</string>
				<string>D9315747176E7432002057AB</string>
			</array>
			<key>isa</key>
			<string>PBXSourcesBuildPhase</string>
			<key>runOnlyForDeploymentPostprocessing</key>
			<string>0</string>
		</dict>
		<key>D9315724176E7432002057AB</key>
		<dict>
			<key>buildActionMask</key>
			<string>2147483647</string>
			<key>files</key>
			<array>
				<string>D931572B176E7432002057AB</string>
				<string>D931572D176E7432002057AB</string>
				<string>D931572F176E7432002057AB</string>
				<string>DF8701BF891443BDA7CA88B7</string>
			</array>
			<key>isa</key>
			<string>PBXFrameworksBuildPhase</string>
			<key>runOnlyForDeploymentPostprocessing</key>
			<string>0</string>
		</dict>
		<key>D9315725176E7432002057AB</key>
		<dict>
			<key>buildActionMask</key>
			<string>2147483647</string>
			<key>files</key>
			<array>
				<string>D9315735176E7432002057AB</string>
				<string>D931573D176E7432002057AB</string>
				<string>D931573F176E7432002057AB</string>
				<string>D9315741176E7432002057AB</string>
				<string>D9315744176E7432002057AB</string>
			</array>
			<key>isa</key>
			<string>PBXResourcesBuildPhase</string>
			<key>runOnlyForDeploymentPostprocessing</key>
			<string>0</string>
		</dict>
		<key>D9315726176E7432002057AB</key>
		<dict>
			<key>buildConfigurationList</key>
			<string>D931575F176E7432002057AB</string>
			<key>buildPhases</key>
			<array>
				<string>6E1C0E30766E4AC6A67F7CE9</string>
				<string>D9315723176E7432002057AB</string>
				<string>D9315724176E7432002057AB</string>
				<string>D9315725176E7432002057AB</string>
				<string>EC6490F895E940F1BC7CF99D</string>
			</array>
			<key>buildRules</key>
			<array/>
			<key>dependencies</key>
			<array/>
			<key>isa</key>
			<string>PBXNativeTarget</string>
			<key>name</key>
			<string>AFNetworkingNocilla</string>
			<key>productName</key>
			<string>AFNetworkingNocilla</string>
			<key>productReference</key>
			<string>D9315727176E7432002057AB</string>
			<key>productType</key>
			<string>com.apple.product-type.application</string>
		</dict>
		<key>D9315727176E7432002057AB</key>
		<dict>
			<key>explicitFileType</key>
			<string>wrapper.application</string>
			<key>includeInIndex</key>
			<string>0</string>
			<key>isa</key>
			<string>PBXFileReference</string>
			<key>path</key>
			<string>AFNetworkingNocilla.app</string>
			<key>sourceTree</key>
			<string>BUILT_PRODUCTS_DIR</string>
		</dict>
		<key>D9315728176E7432002057AB</key>
		<dict>
			<key>children</key>
			<array>
				<string>D9315727176E7432002057AB</string>
				<string>D931574D176E7432002057AB</string>
			</array>
			<key>isa</key>
			<string>PBXGroup</string>
			<key>name</key>
			<string>Products</string>
			<key>sourceTree</key>
			<string>&lt;group&gt;</string>
		</dict>
		<key>D9315729176E7432002057AB</key>
		<dict>
			<key>children</key>
			<array>
				<string>D931572A176E7432002057AB</string>
				<string>D931572C176E7432002057AB</string>
				<string>D931572E176E7432002057AB</string>
				<string>D931574E176E7432002057AB</string>
				<string>F311FEF351BD4B0C9984E1C2</string>
			</array>
			<key>isa</key>
			<string>PBXGroup</string>
			<key>name</key>
			<string>Frameworks</string>
			<key>sourceTree</key>
			<string>&lt;group&gt;</string>
		</dict>
		<key>D931572A176E7432002057AB</key>
		<dict>
			<key>isa</key>
			<string>PBXFileReference</string>
			<key>lastKnownFileType</key>
			<string>wrapper.framework</string>
			<key>name</key>
			<string>UIKit.framework</string>
			<key>path</key>
			<string>System/Library/Frameworks/UIKit.framework</string>
			<key>sourceTree</key>
			<string>SDKROOT</string>
		</dict>
		<key>D931572B176E7432002057AB</key>
		<dict>
			<key>fileRef</key>
			<string>D931572A176E7432002057AB</string>
			<key>isa</key>
			<string>PBXBuildFile</string>
		</dict>
		<key>D931572C176E7432002057AB</key>
		<dict>
			<key>isa</key>
			<string>PBXFileReference</string>
			<key>lastKnownFileType</key>
			<string>wrapper.framework</string>
			<key>name</key>
			<string>Foundation.framework</string>
			<key>path</key>
			<string>System/Library/Frameworks/Foundation.framework</string>
			<key>sourceTree</key>
			<string>SDKROOT</string>
		</dict>
		<key>D931572D176E7432002057AB</key>
		<dict>
			<key>fileRef</key>
			<string>D931572C176E7432002057AB</string>
			<key>isa</key>
			<string>PBXBuildFile</string>
		</dict>
		<key>D931572E176E7432002057AB</key>
		<dict>
			<key>isa</key>
			<string>PBXFileReference</string>
			<key>lastKnownFileType</key>
			<string>wrapper.framework</string>
			<key>name</key>
			<string>CoreGraphics.framework</string>
			<key>path</key>
			<string>System/Library/Frameworks/CoreGraphics.framework</string>
			<key>sourceTree</key>
			<string>SDKROOT</string>
		</dict>
		<key>D931572F176E7432002057AB</key>
		<dict>
			<key>fileRef</key>
			<string>D931572E176E7432002057AB</string>
			<key>isa</key>
			<string>PBXBuildFile</string>
		</dict>
		<key>D9315730176E7432002057AB</key>
		<dict>
			<key>children</key>
			<array>
				<string>D9315739176E7432002057AB</string>
				<string>D931573A176E7432002057AB</string>
				<string>D9315742176E7432002057AB</string>
				<string>D9315765176E743A002057AB</string>
				<string>D9315731176E7432002057AB</string>
			</array>
			<key>isa</key>
			<string>PBXGroup</string>
			<key>path</key>
			<string>AFNetworkingNocilla</string>
			<key>sourceTree</key>
			<string>&lt;group&gt;</string>
		</dict>
		<key>D9315731176E7432002057AB</key>
		<dict>
			<key>children</key>
			<array>
				<string>D9315732176E7432002057AB</string>
				<string>D9315733176E7432002057AB</string>
				<string>D9315736176E7432002057AB</string>
				<string>D9315738176E7432002057AB</string>
				<string>D931573C176E7432002057AB</string>
				<string>D931573E176E7432002057AB</string>
				<string>D9315740176E7432002057AB</string>
			</array>
			<key>isa</key>
			<string>PBXGroup</string>
			<key>name</key>
			<string>Supporting Files</string>
			<key>sourceTree</key>
			<string>&lt;group&gt;</string>
		</dict>
		<key>D9315732176E7432002057AB</key>
		<dict>
			<key>isa</key>
			<string>PBXFileReference</string>
			<key>lastKnownFileType</key>
			<string>text.plist.xml</string>
			<key>path</key>
			<string>AFNetworkingNocilla-Info.plist</string>
			<key>sourceTree</key>
			<string>&lt;group&gt;</string>
		</dict>
		<key>D9315733176E7432002057AB</key>
		<dict>
			<key>children</key>
			<array>
				<string>D9315734176E7432002057AB</string>
			</array>
			<key>isa</key>
			<string>PBXVariantGroup</string>
			<key>name</key>
			<string>InfoPlist.strings</string>
			<key>sourceTree</key>
			<string>&lt;group&gt;</string>
		</dict>
		<key>D9315734176E7432002057AB</key>
		<dict>
			<key>isa</key>
			<string>PBXFileReference</string>
			<key>lastKnownFileType</key>
			<string>text.plist.strings</string>
			<key>name</key>
			<string>en</string>
			<key>path</key>
			<string>en.lproj/InfoPlist.strings</string>
			<key>sourceTree</key>
			<string>&lt;group&gt;</string>
		</dict>
		<key>D9315735176E7432002057AB</key>
		<dict>
			<key>fileRef</key>
			<string>D9315733176E7432002057AB</string>
			<key>isa</key>
			<string>PBXBuildFile</string>
		</dict>
		<key>D9315736176E7432002057AB</key>
		<dict>
			<key>isa</key>
			<string>PBXFileReference</string>
			<key>lastKnownFileType</key>
			<string>sourcecode.c.objc</string>
			<key>path</key>
			<string>main.m</string>
			<key>sourceTree</key>
			<string>&lt;group&gt;</string>
		</dict>
		<key>D9315737176E7432002057AB</key>
		<dict>
			<key>fileRef</key>
			<string>D9315736176E7432002057AB</string>
			<key>isa</key>
			<string>PBXBuildFile</string>
		</dict>
		<key>D9315738176E7432002057AB</key>
		<dict>
			<key>isa</key>
			<string>PBXFileReference</string>
			<key>lastKnownFileType</key>
			<string>sourcecode.c.h</string>
			<key>path</key>
			<string>AFNetworkingNocilla-Prefix.pch</string>
			<key>sourceTree</key>
			<string>&lt;group&gt;</string>
		</dict>
		<key>D9315739176E7432002057AB</key>
		<dict>
			<key>isa</key>
			<string>PBXFileReference</string>
			<key>lastKnownFileType</key>
			<string>sourcecode.c.h</string>
			<key>path</key>
			<string>AppDelegate.h</string>
			<key>sourceTree</key>
			<string>&lt;group&gt;</string>
		</dict>
		<key>D931573A176E7432002057AB</key>
		<dict>
			<key>isa</key>
			<string>PBXFileReference</string>
			<key>lastKnownFileType</key>
			<string>sourcecode.c.objc</string>
			<key>path</key>
			<string>AppDelegate.m</string>
			<key>sourceTree</key>
			<string>&lt;group&gt;</string>
		</dict>
		<key>D931573B176E7432002057AB</key>
		<dict>
			<key>fileRef</key>
			<string>D931573A176E7432002057AB</string>
			<key>isa</key>
			<string>PBXBuildFile</string>
		</dict>
		<key>D931573C176E7432002057AB</key>
		<dict>
			<key>isa</key>
			<string>PBXFileReference</string>
			<key>lastKnownFileType</key>
			<string>image.png</string>
			<key>path</key>
			<string>Default.png</string>
			<key>sourceTree</key>
			<string>&lt;group&gt;</string>
		</dict>
		<key>D931573D176E7432002057AB</key>
		<dict>
			<key>fileRef</key>
			<string>D931573C176E7432002057AB</string>
			<key>isa</key>
			<string>PBXBuildFile</string>
		</dict>
		<key>D931573E176E7432002057AB</key>
		<dict>
			<key>isa</key>
			<string>PBXFileReference</string>
			<key>lastKnownFileType</key>
			<string>image.png</string>
			<key>path</key>
			<string>Default@2x.png</string>
			<key>sourceTree</key>
			<string>&lt;group&gt;</string>
		</dict>
		<key>D931573F176E7432002057AB</key>
		<dict>
			<key>fileRef</key>
			<string>D931573E176E7432002057AB</string>
			<key>isa</key>
			<string>PBXBuildFile</string>
		</dict>
		<key>D9315740176E7432002057AB</key>
		<dict>
			<key>isa</key>
			<string>PBXFileReference</string>
			<key>lastKnownFileType</key>
			<string>image.png</string>
			<key>path</key>
			<string>Default-568h@2x.png</string>
			<key>sourceTree</key>
			<string>&lt;group&gt;</string>
		</dict>
		<key>D9315741176E7432002057AB</key>
		<dict>
			<key>fileRef</key>
			<string>D9315740176E7432002057AB</string>
			<key>isa</key>
			<string>PBXBuildFile</string>
		</dict>
		<key>D9315742176E7432002057AB</key>
		<dict>
			<key>children</key>
			<array>
				<string>D9315743176E7432002057AB</string>
			</array>
			<key>isa</key>
			<string>PBXVariantGroup</string>
			<key>name</key>
			<string>MainStoryboard.storyboard</string>
			<key>sourceTree</key>
			<string>&lt;group&gt;</string>
		</dict>
		<key>D9315743176E7432002057AB</key>
		<dict>
			<key>isa</key>
			<string>PBXFileReference</string>
			<key>lastKnownFileType</key>
			<string>file.storyboard</string>
			<key>name</key>
			<string>en</string>
			<key>path</key>
			<string>en.lproj/MainStoryboard.storyboard</string>
			<key>sourceTree</key>
			<string>&lt;group&gt;</string>
		</dict>
		<key>D9315744176E7432002057AB</key>
		<dict>
			<key>fileRef</key>
			<string>D9315742176E7432002057AB</string>
			<key>isa</key>
			<string>PBXBuildFile</string>
		</dict>
		<key>D9315745176E7432002057AB</key>
		<dict>
			<key>isa</key>
			<string>PBXFileReference</string>
			<key>lastKnownFileType</key>
			<string>sourcecode.c.h</string>
			<key>path</key>
			<string>ViewController.h</string>
			<key>sourceTree</key>
			<string>&lt;group&gt;</string>
		</dict>
		<key>D9315746176E7432002057AB</key>
		<dict>
			<key>isa</key>
			<string>PBXFileReference</string>
			<key>lastKnownFileType</key>
			<string>sourcecode.c.objc</string>
			<key>path</key>
			<string>ViewController.m</string>
			<key>sourceTree</key>
			<string>&lt;group&gt;</string>
		</dict>
		<key>D9315747176E7432002057AB</key>
		<dict>
			<key>fileRef</key>
			<string>D9315746176E7432002057AB</string>
			<key>isa</key>
			<string>PBXBuildFile</string>
		</dict>
		<key>D9315748176E7432002057AB</key>
		<dict>
			<key>buildActionMask</key>
			<string>2147483647</string>
			<key>files</key>
			<array>
				<string>D931575C176E7432002057AB</string>
			</array>
			<key>isa</key>
			<string>PBXSourcesBuildPhase</string>
			<key>runOnlyForDeploymentPostprocessing</key>
			<string>0</string>
		</dict>
		<key>D9315749176E7432002057AB</key>
		<dict>
			<key>buildActionMask</key>
			<string>2147483647</string>
			<key>files</key>
			<array>
				<string>D931574F176E7432002057AB</string>
				<string>D9315750176E7432002057AB</string>
				<string>D9315751176E7432002057AB</string>
			</array>
			<key>isa</key>
			<string>PBXFrameworksBuildPhase</string>
			<key>runOnlyForDeploymentPostprocessing</key>
			<string>0</string>
		</dict>
		<key>D931574A176E7432002057AB</key>
		<dict>
			<key>buildActionMask</key>
			<string>2147483647</string>
			<key>files</key>
			<array>
				<string>D9315759176E7432002057AB</string>
			</array>
			<key>isa</key>
			<string>PBXResourcesBuildPhase</string>
			<key>runOnlyForDeploymentPostprocessing</key>
			<string>0</string>
		</dict>
		<key>D931574B176E7432002057AB</key>
		<dict>
			<key>buildActionMask</key>
			<string>2147483647</string>
			<key>files</key>
			<array/>
			<key>inputPaths</key>
			<array/>
			<key>isa</key>
			<string>PBXShellScriptBuildPhase</string>
			<key>outputPaths</key>
			<array/>
			<key>runOnlyForDeploymentPostprocessing</key>
			<string>0</string>
			<key>shellPath</key>
			<string>/bin/sh</string>
			<key>shellScript</key>
			<string># Run the unit tests in this test bundle.
"${SYSTEM_DEVELOPER_DIR}/Tools/RunUnitTests"
</string>
		</dict>
		<key>D931574C176E7432002057AB</key>
		<dict>
			<key>buildConfigurationList</key>
			<string>D9315762176E7432002057AB</string>
			<key>buildPhases</key>
			<array>
				<string>D9315748176E7432002057AB</string>
				<string>D9315749176E7432002057AB</string>
				<string>D931574A176E7432002057AB</string>
				<string>D931574B176E7432002057AB</string>
			</array>
			<key>buildRules</key>
			<array/>
			<key>dependencies</key>
			<array>
				<string>D9315753176E7432002057AB</string>
			</array>
			<key>isa</key>
			<string>PBXNativeTarget</string>
			<key>name</key>
			<string>AFNetworkingNocillaTests</string>
			<key>productName</key>
			<string>AFNetworkingNocillaTests</string>
			<key>productReference</key>
			<string>D931574D176E7432002057AB</string>
			<key>productType</key>
			<string>com.apple.product-type.bundle</string>
		</dict>
		<key>D931574D176E7432002057AB</key>
		<dict>
			<key>explicitFileType</key>
			<string>wrapper.cfbundle</string>
			<key>includeInIndex</key>
			<string>0</string>
			<key>isa</key>
			<string>PBXFileReference</string>
			<key>path</key>
			<string>AFNetworkingNocillaTests.octest</string>
			<key>sourceTree</key>
			<string>BUILT_PRODUCTS_DIR</string>
		</dict>
		<key>D931574E176E7432002057AB</key>
		<dict>
			<key>isa</key>
			<string>PBXFileReference</string>
			<key>lastKnownFileType</key>
			<string>wrapper.framework</string>
			<key>name</key>
			<string>SenTestingKit.framework</string>
			<key>path</key>
			<string>Library/Frameworks/SenTestingKit.framework</string>
			<key>sourceTree</key>
			<string>DEVELOPER_DIR</string>
		</dict>
		<key>D931574F176E7432002057AB</key>
		<dict>
			<key>fileRef</key>
			<string>D931574E176E7432002057AB</string>
			<key>isa</key>
			<string>PBXBuildFile</string>
		</dict>
		<key>D9315750176E7432002057AB</key>
		<dict>
			<key>fileRef</key>
			<string>D931572A176E7432002057AB</string>
			<key>isa</key>
			<string>PBXBuildFile</string>
		</dict>
		<key>D9315751176E7432002057AB</key>
		<dict>
			<key>fileRef</key>
			<string>D931572C176E7432002057AB</string>
			<key>isa</key>
			<string>PBXBuildFile</string>
		</dict>
		<key>D9315752176E7432002057AB</key>
		<dict>
			<key>containerPortal</key>
			<string>D931571F176E7432002057AB</string>
			<key>isa</key>
			<string>PBXContainerItemProxy</string>
			<key>proxyType</key>
			<string>1</string>
			<key>remoteGlobalIDString</key>
			<string>D9315726176E7432002057AB</string>
			<key>remoteInfo</key>
			<string>AFNetworkingNocilla</string>
		</dict>
		<key>D9315753176E7432002057AB</key>
		<dict>
			<key>isa</key>
			<string>PBXTargetDependency</string>
			<key>target</key>
			<string>D9315726176E7432002057AB</string>
			<key>targetProxy</key>
			<string>D9315752176E7432002057AB</string>
		</dict>
		<key>D9315754176E7432002057AB</key>
		<dict>
			<key>children</key>
			<array>
				<string>D931575A176E7432002057AB</string>
				<string>D931575B176E7432002057AB</string>
				<string>D9315755176E7432002057AB</string>
			</array>
			<key>isa</key>
			<string>PBXGroup</string>
			<key>path</key>
			<string>AFNetworkingNocillaTests</string>
			<key>sourceTree</key>
			<string>&lt;group&gt;</string>
		</dict>
		<key>D9315755176E7432002057AB</key>
		<dict>
			<key>children</key>
			<array>
				<string>D9315756176E7432002057AB</string>
				<string>D9315757176E7432002057AB</string>
			</array>
			<key>isa</key>
			<string>PBXGroup</string>
			<key>name</key>
			<string>Supporting Files</string>
			<key>sourceTree</key>
			<string>&lt;group&gt;</string>
		</dict>
		<key>D9315756176E7432002057AB</key>
		<dict>
			<key>isa</key>
			<string>PBXFileReference</string>
			<key>lastKnownFileType</key>
			<string>text.plist.xml</string>
			<key>path</key>
			<string>AFNetworkingNocillaTests-Info.plist</string>
			<key>sourceTree</key>
			<string>&lt;group&gt;</string>
		</dict>
		<key>D9315757176E7432002057AB</key>
		<dict>
			<key>children</key>
			<array>
				<string>D9315758176E7432002057AB</string>
			</array>
			<key>isa</key>
			<string>PBXVariantGroup</string>
			<key>name</key>
			<string>InfoPlist.strings</string>
			<key>sourceTree</key>
			<string>&lt;group&gt;</string>
		</dict>
		<key>D9315758176E7432002057AB</key>
		<dict>
			<key>isa</key>
			<string>PBXFileReference</string>
			<key>lastKnownFileType</key>
			<string>text.plist.strings</string>
			<key>name</key>
			<string>en</string>
			<key>path</key>
			<string>en.lproj/InfoPlist.strings</string>
			<key>sourceTree</key>
			<string>&lt;group&gt;</string>
		</dict>
		<key>D9315759176E7432002057AB</key>
		<dict>
			<key>fileRef</key>
			<string>D9315757176E7432002057AB</string>
			<key>isa</key>
			<string>PBXBuildFile</string>
		</dict>
		<key>D931575A176E7432002057AB</key>
		<dict>
			<key>isa</key>
			<string>PBXFileReference</string>
			<key>lastKnownFileType</key>
			<string>sourcecode.c.h</string>
			<key>path</key>
			<string>AFNetworkingNocillaTests.h</string>
			<key>sourceTree</key>
			<string>&lt;group&gt;</string>
		</dict>
		<key>D931575B176E7432002057AB</key>
		<dict>
			<key>isa</key>
			<string>PBXFileReference</string>
			<key>lastKnownFileType</key>
			<string>sourcecode.c.objc</string>
			<key>path</key>
			<string>AFNetworkingNocillaTests.m</string>
			<key>sourceTree</key>
			<string>&lt;group&gt;</string>
		</dict>
		<key>D931575C176E7432002057AB</key>
		<dict>
			<key>fileRef</key>
			<string>D931575B176E7432002057AB</string>
			<key>isa</key>
			<string>PBXBuildFile</string>
		</dict>
		<key>D931575D176E7432002057AB</key>
		<dict>
			<key>buildSettings</key>
			<dict>
				<key>ALWAYS_SEARCH_USER_PATHS</key>
				<string>NO</string>
				<key>CLANG_CXX_LANGUAGE_STANDARD</key>
				<string>gnu++0x</string>
				<key>CLANG_CXX_LIBRARY</key>
				<string>libc++</string>
				<key>CLANG_ENABLE_OBJC_ARC</key>
				<string>YES</string>
				<key>CLANG_WARN_CONSTANT_CONVERSION</key>
				<string>YES</string>
				<key>CLANG_WARN_EMPTY_BODY</key>
				<string>YES</string>
				<key>CLANG_WARN_ENUM_CONVERSION</key>
				<string>YES</string>
				<key>CLANG_WARN_INT_CONVERSION</key>
				<string>YES</string>
				<key>CLANG_WARN__DUPLICATE_METHOD_MATCH</key>
				<string>YES</string>
				<key>CODE_SIGN_IDENTITY[sdk=iphoneos*]</key>
				<string>iPhone Developer</string>
				<key>COPY_PHASE_STRIP</key>
				<string>NO</string>
				<key>GCC_C_LANGUAGE_STANDARD</key>
				<string>gnu99</string>
				<key>GCC_DYNAMIC_NO_PIC</key>
				<string>NO</string>
				<key>GCC_OPTIMIZATION_LEVEL</key>
				<string>0</string>
				<key>GCC_PREPROCESSOR_DEFINITIONS</key>
				<array>
					<string>DEBUG=1</string>
					<string>$(inherited)</string>
				</array>
				<key>GCC_SYMBOLS_PRIVATE_EXTERN</key>
				<string>NO</string>
				<key>GCC_WARN_ABOUT_RETURN_TYPE</key>
				<string>YES</string>
				<key>GCC_WARN_UNINITIALIZED_AUTOS</key>
				<string>YES</string>
				<key>GCC_WARN_UNUSED_VARIABLE</key>
				<string>YES</string>
				<key>IPHONEOS_DEPLOYMENT_TARGET</key>
				<string>6.1</string>
				<key>ONLY_ACTIVE_ARCH</key>
				<string>YES</string>
				<key>SDKROOT</key>
				<string>iphoneos</string>
			</dict>
			<key>isa</key>
			<string>XCBuildConfiguration</string>
			<key>name</key>
			<string>Debug</string>
		</dict>
		<key>D931575E176E7432002057AB</key>
		<dict>
			<key>buildSettings</key>
			<dict>
				<key>ALWAYS_SEARCH_USER_PATHS</key>
				<string>NO</string>
				<key>CLANG_CXX_LANGUAGE_STANDARD</key>
				<string>gnu++0x</string>
				<key>CLANG_CXX_LIBRARY</key>
				<string>libc++</string>
				<key>CLANG_ENABLE_OBJC_ARC</key>
				<string>YES</string>
				<key>CLANG_WARN_CONSTANT_CONVERSION</key>
				<string>YES</string>
				<key>CLANG_WARN_EMPTY_BODY</key>
				<string>YES</string>
				<key>CLANG_WARN_ENUM_CONVERSION</key>
				<string>YES</string>
				<key>CLANG_WARN_INT_CONVERSION</key>
				<string>YES</string>
				<key>CLANG_WARN__DUPLICATE_METHOD_MATCH</key>
				<string>YES</string>
				<key>CODE_SIGN_IDENTITY[sdk=iphoneos*]</key>
				<string>iPhone Developer</string>
				<key>COPY_PHASE_STRIP</key>
				<string>YES</string>
				<key>GCC_C_LANGUAGE_STANDARD</key>
				<string>gnu99</string>
				<key>GCC_WARN_ABOUT_RETURN_TYPE</key>
				<string>YES</string>
				<key>GCC_WARN_UNINITIALIZED_AUTOS</key>
				<string>YES</string>
				<key>GCC_WARN_UNUSED_VARIABLE</key>
				<string>YES</string>
				<key>IPHONEOS_DEPLOYMENT_TARGET</key>
				<string>6.1</string>
				<key>OTHER_CFLAGS</key>
				<string>-DNS_BLOCK_ASSERTIONS=1</string>
				<key>SDKROOT</key>
				<string>iphoneos</string>
				<key>VALIDATE_PRODUCT</key>
				<string>YES</string>
			</dict>
			<key>isa</key>
			<string>XCBuildConfiguration</string>
			<key>name</key>
			<string>Release</string>
		</dict>
		<key>D931575F176E7432002057AB</key>
		<dict>
			<key>buildConfigurations</key>
			<array>
				<string>D9315760176E7432002057AB</string>
				<string>D9315761176E7432002057AB</string>
			</array>
			<key>defaultConfigurationIsVisible</key>
			<string>0</string>
			<key>isa</key>
			<string>XCConfigurationList</string>
		</dict>
		<key>D9315760176E7432002057AB</key>
		<dict>
			<key>baseConfigurationReference</key>
			<string>CBA1299FD7814858A9881342</string>
			<key>buildSettings</key>
			<dict>
				<key>GCC_PRECOMPILE_PREFIX_HEADER</key>
				<string>YES</string>
				<key>GCC_PREFIX_HEADER</key>
				<string>AFNetworkingNocilla/AFNetworkingNocilla-Prefix.pch</string>
				<key>INFOPLIST_FILE</key>
				<string>AFNetworkingNocilla/AFNetworkingNocilla-Info.plist</string>
				<key>PRODUCT_NAME</key>
				<string>$(TARGET_NAME)</string>
				<key>WRAPPER_EXTENSION</key>
				<string>app</string>
			</dict>
			<key>isa</key>
			<string>XCBuildConfiguration</string>
			<key>name</key>
			<string>Debug</string>
		</dict>
		<key>D9315761176E7432002057AB</key>
		<dict>
			<key>baseConfigurationReference</key>
			<string>CBA1299FD7814858A9881342</string>
			<key>buildSettings</key>
			<dict>
				<key>GCC_PRECOMPILE_PREFIX_HEADER</key>
				<string>YES</string>
				<key>GCC_PREFIX_HEADER</key>
				<string>AFNetworkingNocilla/AFNetworkingNocilla-Prefix.pch</string>
				<key>INFOPLIST_FILE</key>
				<string>AFNetworkingNocilla/AFNetworkingNocilla-Info.plist</string>
				<key>PRODUCT_NAME</key>
				<string>$(TARGET_NAME)</string>
				<key>WRAPPER_EXTENSION</key>
				<string>app</string>
			</dict>
			<key>isa</key>
			<string>XCBuildConfiguration</string>
			<key>name</key>
			<string>Release</string>
		</dict>
		<key>D9315762176E7432002057AB</key>
		<dict>
			<key>buildConfigurations</key>
			<array>
				<string>D9315763176E7432002057AB</string>
				<string>D9315764176E7432002057AB</string>
			</array>
			<key>defaultConfigurationIsVisible</key>
			<string>0</string>
			<key>isa</key>
			<string>XCConfigurationList</string>
		</dict>
		<key>D9315763176E7432002057AB</key>
		<dict>
			<key>buildSettings</key>
			<dict>
				<key>BUNDLE_LOADER</key>
				<string>$(BUILT_PRODUCTS_DIR)/AFNetworkingNocilla.app/AFNetworkingNocilla</string>
				<key>FRAMEWORK_SEARCH_PATHS</key>
				<array>
					<string>"$(SDKROOT)/Developer/Library/Frameworks"</string>
					<string>"$(DEVELOPER_LIBRARY_DIR)/Frameworks"</string>
				</array>
				<key>GCC_PRECOMPILE_PREFIX_HEADER</key>
				<string>YES</string>
				<key>GCC_PREFIX_HEADER</key>
				<string>AFNetworkingNocilla/AFNetworkingNocilla-Prefix.pch</string>
				<key>INFOPLIST_FILE</key>
				<string>AFNetworkingNocillaTests/AFNetworkingNocillaTests-Info.plist</string>
				<key>PRODUCT_NAME</key>
				<string>$(TARGET_NAME)</string>
				<key>TEST_HOST</key>
				<string>$(BUNDLE_LOADER)</string>
				<key>WRAPPER_EXTENSION</key>
				<string>octest</string>
			</dict>
			<key>isa</key>
			<string>XCBuildConfiguration</string>
			<key>name</key>
			<string>Debug</string>
		</dict>
		<key>D9315764176E7432002057AB</key>
		<dict>
			<key>buildSettings</key>
			<dict>
				<key>BUNDLE_LOADER</key>
				<string>$(BUILT_PRODUCTS_DIR)/AFNetworkingNocilla.app/AFNetworkingNocilla</string>
				<key>FRAMEWORK_SEARCH_PATHS</key>
				<array>
					<string>"$(SDKROOT)/Developer/Library/Frameworks"</string>
					<string>"$(DEVELOPER_LIBRARY_DIR)/Frameworks"</string>
				</array>
				<key>GCC_PRECOMPILE_PREFIX_HEADER</key>
				<string>YES</string>
				<key>GCC_PREFIX_HEADER</key>
				<string>AFNetworkingNocilla/AFNetworkingNocilla-Prefix.pch</string>
				<key>INFOPLIST_FILE</key>
				<string>AFNetworkingNocillaTests/AFNetworkingNocillaTests-Info.plist</string>
				<key>PRODUCT_NAME</key>
				<string>$(TARGET_NAME)</string>
				<key>TEST_HOST</key>
				<string>$(BUNDLE_LOADER)</string>
				<key>WRAPPER_EXTENSION</key>
				<string>octest</string>
			</dict>
			<key>isa</key>
			<string>XCBuildConfiguration</string>
			<key>name</key>
			<string>Release</string>
		</dict>
		<key>D9315765176E743A002057AB</key>
		<dict>
			<key>children</key>
			<array>
				<string>D9315745176E7432002057AB</string>
				<string>D9315746176E7432002057AB</string>
			</array>
			<key>isa</key>
			<string>PBXGroup</string>
			<key>name</key>
			<string>ViewControllers</string>
			<key>sourceTree</key>
			<string>&lt;group&gt;</string>
		</dict>
		<key>DF8701BF891443BDA7CA88B7</key>
		<dict>
			<key>fileRef</key>
			<string>F311FEF351BD4B0C9984E1C2</string>
			<key>isa</key>
			<string>PBXBuildFile</string>
			<key>settings</key>
			<dict/>
		</dict>
		<key>EC6490F895E940F1BC7CF99D</key>
		<dict>
			<key>buildActionMask</key>
			<string>2147483647</string>
			<key>files</key>
			<array/>
			<key>inputPaths</key>
			<array/>
			<key>isa</key>
			<string>PBXShellScriptBuildPhase</string>
			<key>name</key>
			<string>Copy Pods Resources</string>
			<key>outputPaths</key>
			<array/>
			<key>runOnlyForDeploymentPostprocessing</key>
			<string>0</string>
			<key>shellPath</key>
			<string>/bin/sh</string>
			<key>shellScript</key>
			<string>"${SRCROOT}/Pods/Pods-resources.sh"
</string>
			<key>showEnvVarsInLog</key>
			<string>1</string>
		</dict>
		<key>F311FEF351BD4B0C9984E1C2</key>
		<dict>
			<key>explicitFileType</key>
			<string>archive.ar</string>
			<key>includeInIndex</key>
			<string>0</string>
			<key>isa</key>
			<string>PBXFileReference</string>
			<key>name</key>
			<string>libPods.a</string>
			<key>path</key>
			<string>libPods.a</string>
			<key>sourceTree</key>
			<string>BUILT_PRODUCTS_DIR</string>
		</dict>
	</dict>
	<key>rootObject</key>
	<string>D931571F176E7432002057AB</string>
</dict>
</plist>
